// !$*UTF8*$!
{
	archiveVersion = 1;
	classes = {
	};
	objectVersion = 55;
	objects = {

/* Begin PBXBuildFile section */
		497B274728A51BA4008AC57B /* AppDelegate.swift in Sources */ = {isa = PBXBuildFile; fileRef = 497B274628A51BA4008AC57B /* AppDelegate.swift */; };
		497B274928A51BA4008AC57B /* SceneDelegate.swift in Sources */ = {isa = PBXBuildFile; fileRef = 497B274828A51BA4008AC57B /* SceneDelegate.swift */; };
		497B274B28A51BA4008AC57B /* ViewController.swift in Sources */ = {isa = PBXBuildFile; fileRef = 497B274A28A51BA4008AC57B /* ViewController.swift */; };
		497B274E28A51BA4008AC57B /* Main.storyboard in Resources */ = {isa = PBXBuildFile; fileRef = 497B274C28A51BA4008AC57B /* Main.storyboard */; };
		497B275028A51BA9008AC57B /* Assets.xcassets in Resources */ = {isa = PBXBuildFile; fileRef = 497B274F28A51BA9008AC57B /* Assets.xcassets */; };
		497B275328A51BA9008AC57B /* LaunchScreen.storyboard in Resources */ = {isa = PBXBuildFile; fileRef = 497B275128A51BA9008AC57B /* LaunchScreen.storyboard */; };
		497B276428A5236B008AC57B /* RegisterViewController.swift in Sources */ = {isa = PBXBuildFile; fileRef = 497B276228A5236B008AC57B /* RegisterViewController.swift */; };
		497B276528A5236B008AC57B /* RegisterViewController.xib in Resources */ = {isa = PBXBuildFile; fileRef = 497B276328A5236B008AC57B /* RegisterViewController.xib */; };
		497B276828A5251A008AC57B /* LoginViewModel.swift in Sources */ = {isa = PBXBuildFile; fileRef = 497B276728A5251A008AC57B /* LoginViewModel.swift */; };
		497B276A28A52D7B008AC57B /* RegisterViewModel.swift in Sources */ = {isa = PBXBuildFile; fileRef = 497B276928A52D7B008AC57B /* RegisterViewModel.swift */; };
		D98A89FF63BB3D6E4FE44D53 /* Pods_LoginValidationRxSwiftUIkit.framework in Frameworks */ = {isa = PBXBuildFile; fileRef = BA55DAA3E1164625F6E1CACF /* Pods_LoginValidationRxSwiftUIkit.framework */; };
/* End PBXBuildFile section */

/* Begin PBXFileReference section */
		497B274328A51BA4008AC57B /* LoginValidationRxSwiftUIkit.app */ = {isa = PBXFileReference; explicitFileType = wrapper.application; includeInIndex = 0; path = LoginValidationRxSwiftUIkit.app; sourceTree = BUILT_PRODUCTS_DIR; };
		497B274628A51BA4008AC57B /* AppDelegate.swift */ = {isa = PBXFileReference; lastKnownFileType = sourcecode.swift; path = AppDelegate.swift; sourceTree = "<group>"; };
		497B274828A51BA4008AC57B /* SceneDelegate.swift */ = {isa = PBXFileReference; lastKnownFileType = sourcecode.swift; path = SceneDelegate.swift; sourceTree = "<group>"; };
		497B274A28A51BA4008AC57B /* ViewController.swift */ = {isa = PBXFileReference; lastKnownFileType = sourcecode.swift; path = ViewController.swift; sourceTree = "<group>"; };
		497B274D28A51BA4008AC57B /* Base */ = {isa = PBXFileReference; lastKnownFileType = file.storyboard; name = Base; path = Base.lproj/Main.storyboard; sourceTree = "<group>"; };
		497B274F28A51BA9008AC57B /* Assets.xcassets */ = {isa = PBXFileReference; lastKnownFileType = folder.assetcatalog; path = Assets.xcassets; sourceTree = "<group>"; };
		497B275228A51BA9008AC57B /* Base */ = {isa = PBXFileReference; lastKnownFileType = file.storyboard; name = Base; path = Base.lproj/LaunchScreen.storyboard; sourceTree = "<group>"; };
		497B275428A51BA9008AC57B /* Info.plist */ = {isa = PBXFileReference; lastKnownFileType = text.plist.xml; path = Info.plist; sourceTree = "<group>"; };
		497B276228A5236B008AC57B /* RegisterViewController.swift */ = {isa = PBXFileReference; lastKnownFileType = sourcecode.swift; path = RegisterViewController.swift; sourceTree = "<group>"; };
		497B276328A5236B008AC57B /* RegisterViewController.xib */ = {isa = PBXFileReference; lastKnownFileType = file.xib; path = RegisterViewController.xib; sourceTree = "<group>"; };
		497B276728A5251A008AC57B /* LoginViewModel.swift */ = {isa = PBXFileReference; lastKnownFileType = sourcecode.swift; path = LoginViewModel.swift; sourceTree = "<group>"; };
		497B276928A52D7B008AC57B /* RegisterViewModel.swift */ = {isa = PBXFileReference; lastKnownFileType = sourcecode.swift; path = RegisterViewModel.swift; sourceTree = "<group>"; };
		64AD7E1517DEED201B57B3AC /* Pods-LoginValidationRxSwiftUIkit.release.xcconfig */ = {isa = PBXFileReference; includeInIndex = 1; lastKnownFileType = text.xcconfig; name = "Pods-LoginValidationRxSwiftUIkit.release.xcconfig"; path = "Target Support Files/Pods-LoginValidationRxSwiftUIkit/Pods-LoginValidationRxSwiftUIkit.release.xcconfig"; sourceTree = "<group>"; };
		BA55DAA3E1164625F6E1CACF /* Pods_LoginValidationRxSwiftUIkit.framework */ = {isa = PBXFileReference; explicitFileType = wrapper.framework; includeInIndex = 0; path = Pods_LoginValidationRxSwiftUIkit.framework; sourceTree = BUILT_PRODUCTS_DIR; };
		C4EF2E8BA017201B66180885 /* Pods-LoginValidationRxSwiftUIkit.debug.xcconfig */ = {isa = PBXFileReference; includeInIndex = 1; lastKnownFileType = text.xcconfig; name = "Pods-LoginValidationRxSwiftUIkit.debug.xcconfig"; path = "Target Support Files/Pods-LoginValidationRxSwiftUIkit/Pods-LoginValidationRxSwiftUIkit.debug.xcconfig"; sourceTree = "<group>"; };
/* End PBXFileReference section */

/* Begin PBXFrameworksBuildPhase section */
		497B274028A51BA4008AC57B /* Frameworks */ = {
			isa = PBXFrameworksBuildPhase;
			buildActionMask = 2147483647;
			files = (
				D98A89FF63BB3D6E4FE44D53 /* Pods_LoginValidationRxSwiftUIkit.framework in Frameworks */,
			);
			runOnlyForDeploymentPostprocessing = 0;
		};
/* End PBXFrameworksBuildPhase section */

/* Begin PBXGroup section */
		497B273A28A51BA4008AC57B = {
			isa = PBXGroup;
			children = (
				497B274528A51BA4008AC57B /* LoginValidationRxSwiftUIkit */,
				497B274428A51BA4008AC57B /* Products */,
				D128B71D5FA45395A39AF2A8 /* Pods */,
				CA502C398D5A5099DE0A4F55 /* Frameworks */,
			);
			sourceTree = "<group>";
		};
		497B274428A51BA4008AC57B /* Products */ = {
			isa = PBXGroup;
			children = (
				497B274328A51BA4008AC57B /* LoginValidationRxSwiftUIkit.app */,
			);
			name = Products;
			sourceTree = "<group>";
		};
		497B274528A51BA4008AC57B /* LoginValidationRxSwiftUIkit */ = {
			isa = PBXGroup;
			children = (
				497B276628A5250C008AC57B /* ViewModel */,
				497B276128A52352008AC57B /* View */,
				497B274628A51BA4008AC57B /* AppDelegate.swift */,
				497B274828A51BA4008AC57B /* SceneDelegate.swift */,
				497B274A28A51BA4008AC57B /* ViewController.swift */,
				497B274C28A51BA4008AC57B /* Main.storyboard */,
				497B274F28A51BA9008AC57B /* Assets.xcassets */,
				497B275128A51BA9008AC57B /* LaunchScreen.storyboard */,
				497B275428A51BA9008AC57B /* Info.plist */,
			);
			path = LoginValidationRxSwiftUIkit;
			sourceTree = "<group>";
		};
		497B276128A52352008AC57B /* View */ = {
			isa = PBXGroup;
			children = (
				497B276228A5236B008AC57B /* RegisterViewController.swift */,
				497B276328A5236B008AC57B /* RegisterViewController.xib */,
				497B276928A52D7B008AC57B /* RegisterViewModel.swift */,
			);
			path = View;
			sourceTree = "<group>";
		};
		497B276628A5250C008AC57B /* ViewModel */ = {
			isa = PBXGroup;
			children = (
				497B276728A5251A008AC57B /* LoginViewModel.swift */,
			);
			path = ViewModel;
			sourceTree = "<group>";
		};
		CA502C398D5A5099DE0A4F55 /* Frameworks */ = {
			isa = PBXGroup;
			children = (
				BA55DAA3E1164625F6E1CACF /* Pods_LoginValidationRxSwiftUIkit.framework */,
			);
			name = Frameworks;
			sourceTree = "<group>";
		};
		D128B71D5FA45395A39AF2A8 /* Pods */ = {
			isa = PBXGroup;
			children = (
				C4EF2E8BA017201B66180885 /* Pods-LoginValidationRxSwiftUIkit.debug.xcconfig */,
				64AD7E1517DEED201B57B3AC /* Pods-LoginValidationRxSwiftUIkit.release.xcconfig */,
			);
			path = Pods;
			sourceTree = "<group>";
		};
/* End PBXGroup section */

/* Begin PBXNativeTarget section */
		497B274228A51BA4008AC57B /* LoginValidationRxSwiftUIkit */ = {
			isa = PBXNativeTarget;
			buildConfigurationList = 497B275728A51BA9008AC57B /* Build configuration list for PBXNativeTarget "LoginValidationRxSwiftUIkit" */;
			buildPhases = (
				46E71996C78CBDC629508ACF /* [CP] Check Pods Manifest.lock */,
				497B273F28A51BA4008AC57B /* Sources */,
				497B274028A51BA4008AC57B /* Frameworks */,
				497B274128A51BA4008AC57B /* Resources */,
				124D07CECB0128BC46A56EDB /* [CP] Embed Pods Frameworks */,
			);
			buildRules = (
			);
			dependencies = (
			);
			name = LoginValidationRxSwiftUIkit;
			productName = LoginValidationRxSwiftUIkit;
			productReference = 497B274328A51BA4008AC57B /* LoginValidationRxSwiftUIkit.app */;
			productType = "com.apple.product-type.application";
		};
/* End PBXNativeTarget section */

/* Begin PBXProject section */
		497B273B28A51BA4008AC57B /* Project object */ = {
			isa = PBXProject;
			attributes = {
				BuildIndependentTargetsInParallel = 1;
				LastSwiftUpdateCheck = 1340;
				LastUpgradeCheck = 1340;
				TargetAttributes = {
					497B274228A51BA4008AC57B = {
						CreatedOnToolsVersion = 13.4.1;
					};
				};
			};
			buildConfigurationList = 497B273E28A51BA4008AC57B /* Build configuration list for PBXProject "LoginValidationRxSwiftUIkit" */;
			compatibilityVersion = "Xcode 13.0";
			developmentRegion = en;
			hasScannedForEncodings = 0;
			knownRegions = (
				en,
				Base,
			);
			mainGroup = 497B273A28A51BA4008AC57B;
			productRefGroup = 497B274428A51BA4008AC57B /* Products */;
			projectDirPath = "";
			projectRoot = "";
			targets = (
				497B274228A51BA4008AC57B /* LoginValidationRxSwiftUIkit */,
			);
		};
/* End PBXProject section */

/* Begin PBXResourcesBuildPhase section */
		497B274128A51BA4008AC57B /* Resources */ = {
			isa = PBXResourcesBuildPhase;
			buildActionMask = 2147483647;
			files = (
				497B275328A51BA9008AC57B /* LaunchScreen.storyboard in Resources */,
				497B275028A51BA9008AC57B /* Assets.xcassets in Resources */,
				497B274E28A51BA4008AC57B /* Main.storyboard in Resources */,
				497B276528A5236B008AC57B /* RegisterViewController.xib in Resources */,
			);
			runOnlyForDeploymentPostprocessing = 0;
		};
/* End PBXResourcesBuildPhase section */

/* Begin PBXShellScriptBuildPhase section */
		124D07CECB0128BC46A56EDB /* [CP] Embed Pods Frameworks */ = {
			isa = PBXShellScriptBuildPhase;
			buildActionMask = 2147483647;
			files = (
			);
			inputFileListPaths = (
				"${PODS_ROOT}/Target Support Files/Pods-LoginValidationRxSwiftUIkit/Pods-LoginValidationRxSwiftUIkit-frameworks-${CONFIGURATION}-input-files.xcfilelist",
			);
			name = "[CP] Embed Pods Frameworks";
			outputFileListPaths = (
				"${PODS_ROOT}/Target Support Files/Pods-LoginValidationRxSwiftUIkit/Pods-LoginValidationRxSwiftUIkit-frameworks-${CONFIGURATION}-output-files.xcfilelist",
			);
			runOnlyForDeploymentPostprocessing = 0;
			shellPath = /bin/sh;
			shellScript = "\"${PODS_ROOT}/Target Support Files/Pods-LoginValidationRxSwiftUIkit/Pods-LoginValidationRxSwiftUIkit-frameworks.sh\"\n";
			showEnvVarsInLog = 0;
		};
		46E71996C78CBDC629508ACF /* [CP] Check Pods Manifest.lock */ = {
			isa = PBXShellScriptBuildPhase;
			buildActionMask = 2147483647;
			files = (
			);
			inputFileListPaths = (
			);
			inputPaths = (
				"${PODS_PODFILE_DIR_PATH}/Podfile.lock",
				"${PODS_ROOT}/Manifest.lock",
			);
			name = "[CP] Check Pods Manifest.lock";
			outputFileListPaths = (
			);
			outputPaths = (
				"$(DERIVED_FILE_DIR)/Pods-LoginValidationRxSwiftUIkit-checkManifestLockResult.txt",
			);
			runOnlyForDeploymentPostprocessing = 0;
			shellPath = /bin/sh;
			shellScript = "diff \"${PODS_PODFILE_DIR_PATH}/Podfile.lock\" \"${PODS_ROOT}/Manifest.lock\" > /dev/null\nif [ $? != 0 ] ; then\n    # print error to STDERR\n    echo \"error: The sandbox is not in sync with the Podfile.lock. Run 'pod install' or update your CocoaPods installation.\" >&2\n    exit 1\nfi\n# This output is used by Xcode 'outputs' to avoid re-running this script phase.\necho \"SUCCESS\" > \"${SCRIPT_OUTPUT_FILE_0}\"\n";
			showEnvVarsInLog = 0;
		};
/* End PBXShellScriptBuildPhase section */

/* Begin PBXSourcesBuildPhase section */
		497B273F28A51BA4008AC57B /* Sources */ = {
			isa = PBXSourcesBuildPhase;
			buildActionMask = 2147483647;
			files = (
				497B274B28A51BA4008AC57B /* ViewController.swift in Sources */,
				497B276A28A52D7B008AC57B /* RegisterViewModel.swift in Sources */,
				497B274728A51BA4008AC57B /* AppDelegate.swift in Sources */,
				497B274928A51BA4008AC57B /* SceneDelegate.swift in Sources */,
				497B276828A5251A008AC57B /* LoginViewModel.swift in Sources */,
				497B276428A5236B008AC57B /* RegisterViewController.swift in Sources */,
			);
			runOnlyForDeploymentPostprocessing = 0;
		};
/* End PBXSourcesBuildPhase section */

/* Begin PBXVariantGroup section */
		497B274C28A51BA4008AC57B /* Main.storyboard */ = {
			isa = PBXVariantGroup;
			children = (
				497B274D28A51BA4008AC57B /* Base */,
			);
			name = Main.storyboard;
			sourceTree = "<group>";
		};
		497B275128A51BA9008AC57B /* LaunchScreen.storyboard */ = {
			isa = PBXVariantGroup;
			children = (
				497B275228A51BA9008AC57B /* Base */,
			);
			name = LaunchScreen.storyboard;
			sourceTree = "<group>";
		};
/* End PBXVariantGroup section */

/* Begin XCBuildConfiguration section */
		497B275528A51BA9008AC57B /* Debug */ = {
			isa = XCBuildConfiguration;
			buildSettings = {
				ALWAYS_SEARCH_USER_PATHS = NO;
				CLANG_ANALYZER_NONNULL = YES;
				CLANG_ANALYZER_NUMBER_OBJECT_CONVERSION = YES_AGGRESSIVE;
				CLANG_CXX_LANGUAGE_STANDARD = "gnu++17";
				CLANG_ENABLE_MODULES = YES;
				CLANG_ENABLE_OBJC_ARC = YES;
				CLANG_ENABLE_OBJC_WEAK = YES;
				CLANG_WARN_BLOCK_CAPTURE_AUTORELEASING = YES;
				CLANG_WARN_BOOL_CONVERSION = YES;
				CLANG_WARN_COMMA = YES;
				CLANG_WARN_CONSTANT_CONVERSION = YES;
				CLANG_WARN_DEPRECATED_OBJC_IMPLEMENTATIONS = YES;
				CLANG_WARN_DIRECT_OBJC_ISA_USAGE = YES_ERROR;
				CLANG_WARN_DOCUMENTATION_COMMENTS = YES;
				CLANG_WARN_EMPTY_BODY = YES;
				CLANG_WARN_ENUM_CONVERSION = YES;
				CLANG_WARN_INFINITE_RECURSION = YES;
				CLANG_WARN_INT_CONVERSION = YES;
				CLANG_WARN_NON_LITERAL_NULL_CONVERSION = YES;
				CLANG_WARN_OBJC_IMPLICIT_RETAIN_SELF = YES;
				CLANG_WARN_OBJC_LITERAL_CONVERSION = YES;
				CLANG_WARN_OBJC_ROOT_CLASS = YES_ERROR;
				CLANG_WARN_QUOTED_INCLUDE_IN_FRAMEWORK_HEADER = YES;
				CLANG_WARN_RANGE_LOOP_ANALYSIS = YES;
				CLANG_WARN_STRICT_PROTOTYPES = YES;
				CLANG_WARN_SUSPICIOUS_MOVE = YES;
				CLANG_WARN_UNGUARDED_AVAILABILITY = YES_AGGRESSIVE;
				CLANG_WARN_UNREACHABLE_CODE = YES;
				CLANG_WARN__DUPLICATE_METHOD_MATCH = YES;
				COPY_PHASE_STRIP = NO;
				DEBUG_INFORMATION_FORMAT = dwarf;
				ENABLE_STRICT_OBJC_MSGSEND = YES;
				ENABLE_TESTABILITY = YES;
				GCC_C_LANGUAGE_STANDARD = gnu11;
				GCC_DYNAMIC_NO_PIC = NO;
				GCC_NO_COMMON_BLOCKS = YES;
				GCC_OPTIMIZATION_LEVEL = 0;
				GCC_PREPROCESSOR_DEFINITIONS = (
					"DEBUG=1",
					"$(inherited)",
				);
				GCC_WARN_64_TO_32_BIT_CONVERSION = YES;
				GCC_WARN_ABOUT_RETURN_TYPE = YES_ERROR;
				GCC_WARN_UNDECLARED_SELECTOR = YES;
				GCC_WARN_UNINITIALIZED_AUTOS = YES_AGGRESSIVE;
				GCC_WARN_UNUSED_FUNCTION = YES;
				GCC_WARN_UNUSED_VARIABLE = YES;
				IPHONEOS_DEPLOYMENT_TARGET = 15.5;
				MTL_ENABLE_DEBUG_INFO = INCLUDE_SOURCE;
				MTL_FAST_MATH = YES;
				ONLY_ACTIVE_ARCH = YES;
				SDKROOT = iphoneos;
				SWIFT_ACTIVE_COMPILATION_CONDITIONS = DEBUG;
				SWIFT_OPTIMIZATION_LEVEL = "-Onone";
			};
			name = Debug;
		};
		497B275628A51BA9008AC57B /* Release */ = {
			isa = XCBuildConfiguration;
			buildSettings = {
				ALWAYS_SEARCH_USER_PATHS = NO;
				CLANG_ANALYZER_NONNULL = YES;
				CLANG_ANALYZER_NUMBER_OBJECT_CONVERSION = YES_AGGRESSIVE;
				CLANG_CXX_LANGUAGE_STANDARD = "gnu++17";
				CLANG_ENABLE_MODULES = YES;
				CLANG_ENABLE_OBJC_ARC = YES;
				CLANG_ENABLE_OBJC_WEAK = YES;
				CLANG_WARN_BLOCK_CAPTURE_AUTORELEASING = YES;
				CLANG_WARN_BOOL_CONVERSION = YES;
				CLANG_WARN_COMMA = YES;
				CLANG_WARN_CONSTANT_CONVERSION = YES;
				CLANG_WARN_DEPRECATED_OBJC_IMPLEMENTATIONS = YES;
				CLANG_WARN_DIRECT_OBJC_ISA_USAGE = YES_ERROR;
				CLANG_WARN_DOCUMENTATION_COMMENTS = YES;
				CLANG_WARN_EMPTY_BODY = YES;
				CLANG_WARN_ENUM_CONVERSION = YES;
				CLANG_WARN_INFINITE_RECURSION = YES;
				CLANG_WARN_INT_CONVERSION = YES;
				CLANG_WARN_NON_LITERAL_NULL_CONVERSION = YES;
				CLANG_WARN_OBJC_IMPLICIT_RETAIN_SELF = YES;
				CLANG_WARN_OBJC_LITERAL_CONVERSION = YES;
				CLANG_WARN_OBJC_ROOT_CLASS = YES_ERROR;
				CLANG_WARN_QUOTED_INCLUDE_IN_FRAMEWORK_HEADER = YES;
				CLANG_WARN_RANGE_LOOP_ANALYSIS = YES;
				CLANG_WARN_STRICT_PROTOTYPES = YES;
				CLANG_WARN_SUSPICIOUS_MOVE = YES;
				CLANG_WARN_UNGUARDED_AVAILABILITY = YES_AGGRESSIVE;
				CLANG_WARN_UNREACHABLE_CODE = YES;
				CLANG_WARN__DUPLICATE_METHOD_MATCH = YES;
				COPY_PHASE_STRIP = NO;
				DEBUG_INFORMATION_FORMAT = "dwarf-with-dsym";
				ENABLE_NS_ASSERTIONS = NO;
				ENABLE_STRICT_OBJC_MSGSEND = YES;
				GCC_C_LANGUAGE_STANDARD = gnu11;
				GCC_NO_COMMON_BLOCKS = YES;
				GCC_WARN_64_TO_32_BIT_CONVERSION = YES;
				GCC_WARN_ABOUT_RETURN_TYPE = YES_ERROR;
				GCC_WARN_UNDECLARED_SELECTOR = YES;
				GCC_WARN_UNINITIALIZED_AUTOS = YES_AGGRESSIVE;
				GCC_WARN_UNUSED_FUNCTION = YES;
				GCC_WARN_UNUSED_VARIABLE = YES;
				IPHONEOS_DEPLOYMENT_TARGET = 15.5;
				MTL_ENABLE_DEBUG_INFO = NO;
				MTL_FAST_MATH = YES;
				SDKROOT = iphoneos;
				SWIFT_COMPILATION_MODE = wholemodule;
				SWIFT_OPTIMIZATION_LEVEL = "-O";
				VALIDATE_PRODUCT = YES;
			};
			name = Release;
		};
		497B275828A51BA9008AC57B /* Debug */ = {
			isa = XCBuildConfiguration;
			baseConfigurationReference = C4EF2E8BA017201B66180885 /* Pods-LoginValidationRxSwiftUIkit.debug.xcconfig */;
			buildSettings = {
				ASSETCATALOG_COMPILER_APPICON_NAME = AppIcon;
				ASSETCATALOG_COMPILER_GLOBAL_ACCENT_COLOR_NAME = AccentColor;
				CODE_SIGN_STYLE = Automatic;
				CURRENT_PROJECT_VERSION = 1;
				DEVELOPMENT_TEAM = 7V7HY54PYB;
				GENERATE_INFOPLIST_FILE = YES;
				INFOPLIST_FILE = LoginValidationRxSwiftUIkit/Info.plist;
				INFOPLIST_KEY_UIApplicationSupportsIndirectInputEvents = YES;
				INFOPLIST_KEY_UILaunchStoryboardName = LaunchScreen;
				INFOPLIST_KEY_UIMainStoryboardFile = Main;
				INFOPLIST_KEY_UISupportedInterfaceOrientations_iPad = "UIInterfaceOrientationPortrait UIInterfaceOrientationPortraitUpsideDown UIInterfaceOrientationLandscapeLeft UIInterfaceOrientationLandscapeRight";
				INFOPLIST_KEY_UISupportedInterfaceOrientations_iPhone = "UIInterfaceOrientationPortrait UIInterfaceOrientationLandscapeLeft UIInterfaceOrientationLandscapeRight";
				LD_RUNPATH_SEARCH_PATHS = (
					"$(inherited)",
					"@executable_path/Frameworks",
				);
				MARKETING_VERSION = 1.0;
				PRODUCT_BUNDLE_IDENTIFIER = com.putratech.LoginValidationRxSwiftUIkit;
				PRODUCT_NAME = "$(TARGET_NAME)";
				SWIFT_EMIT_LOC_STRINGS = YES;
				SWIFT_VERSION = 5.0;
				TARGETED_DEVICE_FAMILY = "1,2";
			};
			name = Debug;
		};
		497B275928A51BA9008AC57B /* Release */ = {
			isa = XCBuildConfiguration;
			baseConfigurationReference = 64AD7E1517DEED201B57B3AC /* Pods-LoginValidationRxSwiftUIkit.release.xcconfig */;
			buildSettings = {
				ASSETCATALOG_COMPILER_APPICON_NAME = AppIcon;
				ASSETCATALOG_COMPILER_GLOBAL_ACCENT_COLOR_NAME = AccentColor;
				CODE_SIGN_STYLE = Automatic;
				CURRENT_PROJECT_VERSION = 1;
				DEVELOPMENT_TEAM = 7V7HY54PYB;
				GENERATE_INFOPLIST_FILE = YES;
				INFOPLIST_FILE = LoginValidationRxSwiftUIkit/Info.plist;
				INFOPLIST_KEY_UIApplicationSupportsIndirectInputEvents = YES;
				INFOPLIST_KEY_UILaunchStoryboardName = LaunchScreen;
				INFOPLIST_KEY_UIMainStoryboardFile = Main;
				INFOPLIST_KEY_UISupportedInterfaceOrientations_iPad = "UIInterfaceOrientationPortrait UIInterfaceOrientationPortraitUpsideDown UIInterfaceOrientationLandscapeLeft UIInterfaceOrientationLandscapeRight";
				INFOPLIST_KEY_UISupportedInterfaceOrientations_iPhone = "UIInterfaceOrientationPortrait UIInterfaceOrientationLandscapeLeft UIInterfaceOrientationLandscapeRight";
				LD_RUNPATH_SEARCH_PATHS = (
					"$(inherited)",
					"@executable_path/Frameworks",
				);
				MARKETING_VERSION = 1.0;
				PRODUCT_BUNDLE_IDENTIFIER = com.putratech.LoginValidationRxSwiftUIkit;
				PRODUCT_NAME = "$(TARGET_NAME)";
				SWIFT_EMIT_LOC_STRINGS = YES;
				SWIFT_VERSION = 5.0;
				TARGETED_DEVICE_FAMILY = "1,2";
			};
			name = Release;
		};
/* End XCBuildConfiguration section */

/* Begin XCConfigurationList section */
		497B273E28A51BA4008AC57B /* Build configuration list for PBXProject "LoginValidationRxSwiftUIkit" */ = {
			isa = XCConfigurationList;
			buildConfigurations = (
				497B275528A51BA9008AC57B /* Debug */,
				497B275628A51BA9008AC57B /* Release */,
			);
			defaultConfigurationIsVisible = 0;
			defaultConfigurationName = Release;
		};
		497B275728A51BA9008AC57B /* Build configuration list for PBXNativeTarget "LoginValidationRxSwiftUIkit" */ = {
			isa = XCConfigurationList;
			buildConfigurations = (
				497B275828A51BA9008AC57B /* Debug */,
				497B275928A51BA9008AC57B /* Release */,
			);
			defaultConfigurationIsVisible = 0;
			defaultConfigurationName = Release;
		};
/* End XCConfigurationList section */
	};
	rootObject = 497B273B28A51BA4008AC57B /* Project object */;
}
